{
  "name": "calculater",
  "lockfileVersion": 2,
  "requires": true,
  "packages": {
    "": {
      "dependencies": {
        "readline-sync": "^1.4.10",
        "rendom": "^1.0.2"
      }
    },
    "node_modules/readline-sync": {
      "version": "1.4.10",
      "resolved": "https://registry.npmjs.org/readline-sync/-/readline-sync-1.4.10.tgz",
      "integrity": "sha512-gNva8/6UAe8QYepIQH/jQ2qn91Qj0B9sYjMBBs3QOB8F2CXcKgLxQaJRP76sWVRQt+QU+8fAkCbCvjjMFu7Ycw==",
      "engines": {
        "node": ">= 0.8.0"
      }
    },
    "node_modules/rendom": {
      "version": "1.0.2",
      "resolved": "https://registry.npmjs.org/rendom/-/rendom-1.0.2.tgz",
      "integrity": "sha512-wvpYmzhBOGdBfk9pUmYKdr2nA3N9Z2eVYEjxe8/lMsclVBleXXhaNSffd8I7W64kC0GMjvE6c2XJNFIH0ZnnJw==",
      "engines": {
        "node": "*"
      }
    }
  },
  "dependencies": {
    "readline-sync": {
      "version": "1.4.10",
      "resolved": "https://registry.npmjs.org/readline-sync/-/readline-sync-1.4.10.tgz",
      "integrity": "sha512-gNva8/6UAe8QYepIQH/jQ2qn91Qj0B9sYjMBBs3QOB8F2CXcKgLxQaJRP76sWVRQt+QU+8fAkCbCvjjMFu7Ycw=="
    },
    "rendom": {
      "version": "1.0.2",
      "resolved": "https://registry.npmjs.org/rendom/-/rendom-1.0.2.tgz",
      "integrity": "sha512-wvpYmzhBOGdBfk9pUmYKdr2nA3N9Z2eVYEjxe8/lMsclVBleXXhaNSffd8I7W64kC0GMjvE6c2XJNFIH0ZnnJw=="
    }
  }
}
